# THIS IS AN AUTOGENERATED FILE. DO NOT EDIT THIS FILE DIRECTLY.
# yarn lockfile v1


"@alcalzone/ansi-tokenize@^0.1.3":
  version "0.1.3"
  resolved "https://registry.npmjs.org/@alcalzone/ansi-tokenize/-/ansi-tokenize-0.1.3.tgz"
  integrity sha512-3yWxPTq3UQ/FY9p1ErPxIyfT64elWaMvM9lIHnaqpyft63tkxodF5aUElYHrdisWve5cETkh1+KBw1yJuW0aRw==
  dependencies:
    ansi-styles "^6.2.1"
    is-fullwidth-code-point "^4.0.0"

"@types/ink@^2.0.3":
  version "2.0.3"
  resolved "https://registry.npmjs.org/@types/ink/-/ink-2.0.3.tgz"
  integrity sha512-DYKIKEJqhsGfQ/jgX0t9BzfHmBJ/9dBBT2MDsHAQRAfOPhEe7LZm5QeNBx1J34/e108StCPuJ3r4bh1y38kCJA==
  dependencies:
    ink "*"

"@types/node@^22.7.3":
  version "22.7.3"
  resolved "https://registry.npmjs.org/@types/node/-/node-22.7.3.tgz"
  integrity sha512-qXKfhXXqGTyBskvWEzJZPUxSslAiLaB6JGP1ic/XTH9ctGgzdgYguuLP1C601aRTSDNlLb0jbKqXjZ48GNraSA==
  dependencies:
    undici-types "~6.19.2"

"@types/prop-types@*":
  version "15.7.13"
  resolved "https://registry.npmjs.org/@types/prop-types/-/prop-types-15.7.13.tgz"
  integrity sha512-hCZTSvwbzWGvhqxp/RqVqwU999pBf2vp7hzIjiYOsl8wqOmUxkQ6ddw1cV3l8811+kdUFus/q4d1Y3E3SyEifA==

"@types/react@^18.3.9":
  version "18.3.9"
  resolved "https://registry.npmjs.org/@types/react/-/react-18.3.9.tgz"
  integrity sha512-+BpAVyTpJkNWWSSnaLBk6ePpHLOGJKnEQNbINNovPWzvEUyAe3e+/d494QdEh71RekM/qV7lw6jzf1HGrJyAtQ==
  dependencies:
    "@types/prop-types" "*"
    csstype "^3.0.2"

ansi-escapes@^7.0.0:
  version "7.0.0"
  resolved "https://registry.npmjs.org/ansi-escapes/-/ansi-escapes-7.0.0.tgz"
  integrity sha512-GdYO7a61mR0fOlAsvC9/rIHf7L96sBc6dEWzeOu+KAea5bZyQRPIpojrVoI4AXGJS/ycu/fBTdLrUkA4ODrvjw==
  dependencies:
    environment "^1.0.0"

ansi-regex@^6.0.1:
  version "6.1.0"
  resolved "https://registry.npmjs.org/ansi-regex/-/ansi-regex-6.1.0.tgz"
  integrity sha512-7HSX4QQb4CspciLpVFwyRe79O3xsIZDDLER21kERQ71oaPodF8jL725AgJMFAYbooIqolJoRLuM81SpeUkpkvA==

ansi-styles@^6.0.0, ansi-styles@^6.2.1:
  version "6.2.1"
  resolved "https://registry.npmjs.org/ansi-styles/-/ansi-styles-6.2.1.tgz"
  integrity sha512-bN798gFfQX+viw3R7yrGWRqnrN2oRkEkUjjl4JNn4E8GxxbjtG3FbrEIIY3l8/hrwUwIeCZvi4QuOTP4MErVug==

auto-bind@^5.0.1:
  version "5.0.1"
  resolved "https://registry.npmjs.org/auto-bind/-/auto-bind-5.0.1.tgz"
  integrity sha512-ooviqdwwgfIfNmDwo94wlshcdzfO64XV0Cg6oDsDYBJfITDz1EngD2z7DkbvCWn+XIMsIqW27sEVF6qcpJrRcg==

chalk@^5.3.0:
  version "5.3.0"
  resolved "https://registry.npmjs.org/chalk/-/chalk-5.3.0.tgz"
  integrity sha512-dLitG79d+GV1Nb/VYcCDFivJeK1hiukt9QjRNVOsUtTy1rR1YJsmpGGTZ3qJos+uw7WmWF4wUwBd9jxjocFC2w==

cli-boxes@^3.0.0:
  version "3.0.0"
  resolved "https://registry.npmjs.org/cli-boxes/-/cli-boxes-3.0.0.tgz"
  integrity sha512-/lzGpEWL/8PfI0BmBOPRwp0c/wFNX1RdUML3jK/RcSBA9T8mZDdQpqYBKtCFTOfQbwPqWEOpjqW+Fnayc0969g==

cli-cursor@^4.0.0:
  version "4.0.0"
  resolved "https://registry.npmjs.org/cli-cursor/-/cli-cursor-4.0.0.tgz"
  integrity sha512-VGtlMu3x/4DOtIUwEkRezxUZ2lBacNJCHash0N0WeZDBS+7Ux1dm3XWAgWYxLJFMMdOeXMHXorshEFhbMSGelg==
  dependencies:
    restore-cursor "^4.0.0"

cli-spinners@^2.7.0:
  version "2.9.2"
  resolved "https://registry.yarnpkg.com/cli-spinners/-/cli-spinners-2.9.2.tgz#1773a8f4b9c4d6ac31563df53b3fc1d79462fe41"
  integrity sha512-ywqV+5MmyL4E7ybXgKys4DugZbX0FC6LnwrhjuykIjnK9k8OQacQ7axGKnjDXWNhns0xot3bZI5h55H8yo9cJg==

cli-truncate@^4.0.0:
  version "4.0.0"
  resolved "https://registry.npmjs.org/cli-truncate/-/cli-truncate-4.0.0.tgz"
  integrity sha512-nPdaFdQ0h/GEigbPClz11D0v/ZJEwxmeVZGeMo3Z5StPtUTkA9o1lD6QwoirYiSDzbcwn2XcjwmCp68W1IS4TA==
  dependencies:
    slice-ansi "^5.0.0"
    string-width "^7.0.0"

code-excerpt@^4.0.0:
  version "4.0.0"
  resolved "https://registry.npmjs.org/code-excerpt/-/code-excerpt-4.0.0.tgz"
  integrity sha512-xxodCmBen3iy2i0WtAK8FlFNrRzjUqjRsMfho58xT/wvZU1YTM3fCnRjcy1gJPMepaRlgm/0e6w8SpWHpn3/cA==
  dependencies:
    convert-to-spaces "^2.0.1"

convert-to-spaces@^2.0.1:
  version "2.0.1"
  resolved "https://registry.npmjs.org/convert-to-spaces/-/convert-to-spaces-2.0.1.tgz"
  integrity sha512-rcQ1bsQO9799wq24uE5AM2tAILy4gXGIK/njFWcVQkGNZ96edlpY+A7bjwvzjYvLDyzmG1MmMLZhpcsb+klNMQ==

csstype@^3.0.2:
  version "3.1.3"
  resolved "https://registry.npmjs.org/csstype/-/csstype-3.1.3.tgz"
  integrity sha512-M1uQkMl8rQK/szD0LNhtqxIPLpimGm8sOBwU7lLnCpSbTyY3yeU1Vc7l4KT5zT4s/yOxHH5O7tIuuLOCnLADRw==

emoji-regex@^10.3.0:
  version "10.4.0"
  resolved "https://registry.npmjs.org/emoji-regex/-/emoji-regex-10.4.0.tgz"
  integrity sha512-EC+0oUMY1Rqm4O6LLrgjtYDvcVYTy7chDnM4Q7030tP4Kwj3u/pR6gP9ygnp2CJMK5Gq+9Q2oqmrFJAz01DXjw==

environment@^1.0.0:
  version "1.1.0"
  resolved "https://registry.npmjs.org/environment/-/environment-1.1.0.tgz"
  integrity sha512-xUtoPkMggbz0MPyPiIWr1Kp4aeWJjDZ6SMvURhimjdZgsRuDplF5/s9hcgGhyXMhs+6vpnuoiZ2kFiu3FMnS8Q==

escape-string-regexp@^2.0.0:
  version "2.0.0"
  resolved "https://registry.npmjs.org/escape-string-regexp/-/escape-string-regexp-2.0.0.tgz"
  integrity sha512-UpzcLCXolUWcNu5HtVMHYdXJjArjsF9C0aNnquZYY4uW/Vu0miy5YoWvbV345HauVvcAUnpRuhMMcqTcGOY2+w==

figures@^6.1.0:
  version "6.1.0"
  resolved "https://registry.yarnpkg.com/figures/-/figures-6.1.0.tgz#935479f51865fa7479f6fa94fc6fc7ac14e62c4a"
  integrity sha512-d+l3qxjSesT4V7v2fh+QnmFnUWv9lSpjarhShNTgBOfA0ttejbQUAlHLitbjkoRiDulW0OPoQPYIGhIC8ohejg==
  dependencies:
    is-unicode-supported "^2.0.0"

get-east-asian-width@^1.0.0:
  version "1.2.0"
  resolved "https://registry.npmjs.org/get-east-asian-width/-/get-east-asian-width-1.2.0.tgz"
  integrity sha512-2nk+7SIVb14QrgXFHcm84tD4bKQz0RxPuMT8Ag5KPOq7J5fEmAg0UbXdTOSHqNuHSU28k55qnceesxXRZGzKWA==

indent-string@^5.0.0:
  version "5.0.0"
  resolved "https://registry.npmjs.org/indent-string/-/indent-string-5.0.0.tgz"
  integrity sha512-m6FAo/spmsW2Ab2fU35JTYwtOKa2yAwXSwgjSv1TJzh4Mh7mC3lzAOVLBprb72XsTrgkEIsl7YrFNAiDiRhIGg==

ink-select-input@^6.0.0:
  version "6.0.0"
  resolved "https://registry.yarnpkg.com/ink-select-input/-/ink-select-input-6.0.0.tgz#b6192ee6c397a7e8b5cfdcafcd833885cf100579"
  integrity sha512-2mCbn1b9xeguA3qJiaf8Sx8W4MM005wACcLKwHWWJmJ8BapjsahmQPuY2U2qyGc817IdWFjNk/K41Vn39UlO4Q==
  dependencies:
    figures "^6.1.0"
    lodash.isequal "^4.5.0"
    to-rotated "^1.0.0"

ink-spinner@^5.0.0:
  version "5.0.0"
  resolved "https://registry.yarnpkg.com/ink-spinner/-/ink-spinner-5.0.0.tgz#32ec318ef8ebb0ace8f595451f8e93280623429f"
  integrity sha512-EYEasbEjkqLGyPOUc8hBJZNuC5GvXGMLu0w5gdTNskPc7Izc5vO3tdQEYnzvshucyGCBXc86ig0ujXPMWaQCdA==
  dependencies:
    cli-spinners "^2.7.0"

ink-text-input@^6.0.0:
  version "6.0.0"
  resolved "https://registry.yarnpkg.com/ink-text-input/-/ink-text-input-6.0.0.tgz#71bdfacbfd161fbaff88bb8ca6b3a55dbc3d36e0"
  integrity sha512-Fw64n7Yha5deb1rHY137zHTAbSTNelUKuB5Kkk2HACXEtwIHBCf9OH2tP/LQ9fRYTl1F0dZgbW0zPnZk6FA9Lw==
  dependencies:
    chalk "^5.3.0"
    type-fest "^4.18.2"

ink@*, ink@^5.0.1:
  version "5.0.1"
  resolved "https://registry.npmjs.org/ink/-/ink-5.0.1.tgz"
  integrity sha512-ae4AW/t8jlkj/6Ou21H2av0wxTk8vrGzXv+v2v7j4in+bl1M5XRMVbfNghzhBokV++FjF8RBDJvYo+ttR9YVRg==
  dependencies:
    "@alcalzone/ansi-tokenize" "^0.1.3"
    ansi-escapes "^7.0.0"
    ansi-styles "^6.2.1"
    auto-bind "^5.0.1"
    chalk "^5.3.0"
    cli-boxes "^3.0.0"
    cli-cursor "^4.0.0"
    cli-truncate "^4.0.0"
    code-excerpt "^4.0.0"
    indent-string "^5.0.0"
    is-in-ci "^0.1.0"
    lodash "^4.17.21"
    patch-console "^2.0.0"
    react-reconciler "^0.29.0"
    scheduler "^0.23.0"
    signal-exit "^3.0.7"
    slice-ansi "^7.1.0"
    stack-utils "^2.0.6"
    string-width "^7.0.0"
    type-fest "^4.8.3"
    widest-line "^5.0.0"
    wrap-ansi "^9.0.0"
    ws "^8.15.0"
    yoga-wasm-web "~0.3.3"

is-fullwidth-code-point@^4.0.0:
  version "4.0.0"
  resolved "https://registry.npmjs.org/is-fullwidth-code-point/-/is-fullwidth-code-point-4.0.0.tgz"
  integrity sha512-O4L094N2/dZ7xqVdrXhh9r1KODPJpFms8B5sGdJLPy664AgvXsreZUyCQQNItZRDlYug4xStLjNp/sz3HvBowQ==

is-fullwidth-code-point@^5.0.0:
  version "5.0.0"
  resolved "https://registry.npmjs.org/is-fullwidth-code-point/-/is-fullwidth-code-point-5.0.0.tgz"
  integrity sha512-OVa3u9kkBbw7b8Xw5F9P+D/T9X+Z4+JruYVNapTjPYZYUznQ5YfWeFkOj606XYYW8yugTfC8Pj0hYqvi4ryAhA==
  dependencies:
    get-east-asian-width "^1.0.0"

is-in-ci@^0.1.0:
  version "0.1.0"
  resolved "https://registry.npmjs.org/is-in-ci/-/is-in-ci-0.1.0.tgz"
  integrity sha512-d9PXLEY0v1iJ64xLiQMJ51J128EYHAaOR4yZqQi8aHGfw6KgifM3/Viw1oZZ1GCVmb3gBuyhLyHj0HgR2DhSXQ==

is-unicode-supported@^2.0.0:
  version "2.1.0"
  resolved "https://registry.yarnpkg.com/is-unicode-supported/-/is-unicode-supported-2.1.0.tgz#09f0ab0de6d3744d48d265ebb98f65d11f2a9b3a"
  integrity sha512-mE00Gnza5EEB3Ds0HfMyllZzbBrmLOX3vfWoj9A9PEnTfratQ/BcaJOuMhnkhjXvb2+FkY3VuHqtAGpTPmglFQ==

"js-tokens@^3.0.0 || ^4.0.0":
  version "4.0.0"
  resolved "https://registry.npmjs.org/js-tokens/-/js-tokens-4.0.0.tgz"
  integrity sha512-RdJUflcE3cUzKiMqQgsCu06FPu9UdIJO0beYbPhHN4k6apgJtifcoCtT9bcxOpYBtpD2kCM6Sbzg4CausW/PKQ==

lodash.isequal@^4.5.0:
  version "4.5.0"
  resolved "https://registry.yarnpkg.com/lodash.isequal/-/lodash.isequal-4.5.0.tgz#415c4478f2bcc30120c22ce10ed3226f7d3e18e0"
  integrity sha512-pDo3lu8Jhfjqls6GkMgpahsF9kCyayhgykjyLMNFTKWrpVdAQtYyB4muAMWozBB4ig/dtWAmsMxLEI8wuz+DYQ==

lodash@^4.17.21:
  version "4.17.21"
  resolved "https://registry.npmjs.org/lodash/-/lodash-4.17.21.tgz"
  integrity sha512-v2kDEe57lecTulaDIuNTPy3Ry4gLGJ6Z1O3vE1krgXZNrsQ+LFTGHVxVjcXPs17LhbZVGedAJv8XZ1tvj5FvSg==

loose-envify@^1.1.0:
  version "1.4.0"
  resolved "https://registry.npmjs.org/loose-envify/-/loose-envify-1.4.0.tgz"
  integrity sha512-lyuxPGr/Wfhrlem2CL/UcnUc1zcqKAImBDzukY7Y5F/yQiNdko6+fRLevlw1HgMySw7f611UIY408EtxRSoK3Q==
  dependencies:
    js-tokens "^3.0.0 || ^4.0.0"

mimic-fn@^2.1.0:
  version "2.1.0"
  resolved "https://registry.npmjs.org/mimic-fn/-/mimic-fn-2.1.0.tgz"
  integrity sha512-OqbOk5oEQeAZ8WXWydlu9HJjz9WVdEIvamMCcXmuqUYjTknH/sqsWvhQ3vgwKFRR1HpjvNBKQ37nbJgYzGqGcg==

onetime@^5.1.0:
  version "5.1.2"
  resolved "https://registry.npmjs.org/onetime/-/onetime-5.1.2.tgz"
  integrity sha512-kbpaSSGJTWdAY5KPVeMOKXSrPtr8C8C7wodJbcsd51jRnmD+GZu8Y0VoU6Dm5Z4vWr0Ig/1NKuWRKf7j5aaYSg==
  dependencies:
    mimic-fn "^2.1.0"

patch-console@^2.0.0:
  version "2.0.0"
  resolved "https://registry.npmjs.org/patch-console/-/patch-console-2.0.0.tgz"
  integrity sha512-0YNdUceMdaQwoKce1gatDScmMo5pu/tfABfnzEqeG0gtTmd7mh/WcwgUjtAeOU7N8nFFlbQBnFK2gXW5fGvmMA==

react-reconciler@^0.29.0:
  version "0.29.2"
  resolved "https://registry.npmjs.org/react-reconciler/-/react-reconciler-0.29.2.tgz"
  integrity sha512-zZQqIiYgDCTP/f1N/mAR10nJGrPD2ZR+jDSEsKWJHYC7Cm2wodlwbR3upZRdC3cjIjSlTLNVyO7Iu0Yy7t2AYg==
  dependencies:
    loose-envify "^1.1.0"
    scheduler "^0.23.2"

react@^18.3.1:
  version "18.3.1"
  resolved "https://registry.npmjs.org/react/-/react-18.3.1.tgz"
  integrity sha512-wS+hAgJShR0KhEvPJArfuPVN1+Hz1t0Y6n5jLrGQbkb4urgPE/0Rve+1kMB1v/oWgHgm4WIcV+i7F2pTVj+2iQ==
  dependencies:
    loose-envify "^1.1.0"

restore-cursor@^4.0.0:
  version "4.0.0"
  resolved "https://registry.npmjs.org/restore-cursor/-/restore-cursor-4.0.0.tgz"
  integrity sha512-I9fPXU9geO9bHOt9pHHOhOkYerIMsmVaWB0rA2AI9ERh/+x/i7MV5HKBNrg+ljO5eoPVgCcnFuRjJ9uH6I/3eg==
  dependencies:
    onetime "^5.1.0"
    signal-exit "^3.0.2"

scheduler@^0.23.0, scheduler@^0.23.2:
  version "0.23.2"
  resolved "https://registry.npmjs.org/scheduler/-/scheduler-0.23.2.tgz"
  integrity sha512-UOShsPwz7NrMUqhR6t0hWjFduvOzbtv7toDH1/hIrfRNIDBnnBWd0CwJTGvTpngVlmwGCdP9/Zl/tVrDqcuYzQ==
  dependencies:
    loose-envify "^1.1.0"

signal-exit@^3.0.2, signal-exit@^3.0.7:
  version "3.0.7"
  resolved "https://registry.npmjs.org/signal-exit/-/signal-exit-3.0.7.tgz"
  integrity sha512-wnD2ZE+l+SPC/uoS0vXeE9L1+0wuaMqKlfz9AMUo38JsyLSBWSFcHR1Rri62LZc12vLr1gb3jl7iwQhgwpAbGQ==

slice-ansi@^5.0.0:
  version "5.0.0"
  resolved "https://registry.npmjs.org/slice-ansi/-/slice-ansi-5.0.0.tgz"
  integrity sha512-FC+lgizVPfie0kkhqUScwRu1O/lF6NOgJmlCgK+/LYxDCTk8sGelYaHDhFcDN+Sn3Cv+3VSa4Byeo+IMCzpMgQ==
  dependencies:
    ansi-styles "^6.0.0"
    is-fullwidth-code-point "^4.0.0"

slice-ansi@^7.1.0:
  version "7.1.0"
  resolved "https://registry.npmjs.org/slice-ansi/-/slice-ansi-7.1.0.tgz"
  integrity sha512-bSiSngZ/jWeX93BqeIAbImyTbEihizcwNjFoRUIY/T1wWQsfsm2Vw1agPKylXvQTU7iASGdHhyqRlqQzfz+Htg==
  dependencies:
    ansi-styles "^6.2.1"
    is-fullwidth-code-point "^5.0.0"

stack-utils@^2.0.6:
  version "2.0.6"
  resolved "https://registry.npmjs.org/stack-utils/-/stack-utils-2.0.6.tgz"
  integrity sha512-XlkWvfIm6RmsWtNJx+uqtKLS8eqFbxUg0ZzLXqY0caEy9l7hruX8IpiDnjsLavoBgqCCR71TqWO8MaXYheJ3RQ==
  dependencies:
    escape-string-regexp "^2.0.0"

string-width@^7.0.0:
  version "7.2.0"
  resolved "https://registry.npmjs.org/string-width/-/string-width-7.2.0.tgz"
  integrity sha512-tsaTIkKW9b4N+AEj+SVA+WhJzV7/zMhcSu78mLKWSk7cXMOSHsBKFWUs0fWwq8QyK3MgJBQRX6Gbi4kYbdvGkQ==
  dependencies:
    emoji-regex "^10.3.0"
    get-east-asian-width "^1.0.0"
    strip-ansi "^7.1.0"

strip-ansi@^7.1.0:
  version "7.1.0"
  resolved "https://registry.npmjs.org/strip-ansi/-/strip-ansi-7.1.0.tgz"
  integrity sha512-iq6eVVI64nQQTRYq2KtEg2d2uU7LElhTJwsH4YzIHZshxlgZms/wIc4VoDQTlG/IvVIrBKG06CrZnp0qv7hkcQ==
  dependencies:
    ansi-regex "^6.0.1"

to-rotated@^1.0.0:
  version "1.0.0"
  resolved "https://registry.yarnpkg.com/to-rotated/-/to-rotated-1.0.0.tgz#cdf13ece5203e72384a79020508ae1dc80d3b48f"
  integrity sha512-KsEID8AfgUy+pxVRLsWp0VzCa69wxzUDZnzGbyIST/bcgcrMvTYoFBX/QORH4YApoD89EDuUovx4BTdpOn319Q==

type-fest@^4.18.2, type-fest@^4.8.3:
  version "4.26.1"
  resolved "https://registry.npmjs.org/type-fest/-/type-fest-4.26.1.tgz"
  integrity sha512-yOGpmOAL7CkKe/91I5O3gPICmJNLJ1G4zFYVAsRHg7M64biSnPtRj0WNQt++bRkjYOqjWXrhnUw1utzmVErAdg==

undici-types@~6.19.2:
  version "6.19.8"
  resolved "https://registry.npmjs.org/undici-types/-/undici-types-6.19.8.tgz"
  integrity sha512-ve2KP6f/JnbPBFyobGHuerC9g1FYGn/F8n1LWTwNxCEzd6IfqTwUQcNXgEtmmQ6DlRrC1hrSrBnCZPokRrDHjw==

widest-line@^5.0.0:
  version "5.0.0"
  resolved "https://registry.npmjs.org/widest-line/-/widest-line-5.0.0.tgz"
  integrity sha512-c9bZp7b5YtRj2wOe6dlj32MK+Bx/M/d+9VB2SHM1OtsUHR0aV0tdP6DWh/iMt0kWi1t5g1Iudu6hQRNd1A4PVA==
  dependencies:
    string-width "^7.0.0"

wrap-ansi@^9.0.0:
  version "9.0.0"
  resolved "https://registry.npmjs.org/wrap-ansi/-/wrap-ansi-9.0.0.tgz"
  integrity sha512-G8ura3S+3Z2G+mkgNRq8dqaFZAuxfsxpBB8OCTGRTCtp+l/v9nbFNmCUP1BZMts3G1142MsZfn6eeUKrr4PD1Q==
  dependencies:
    ansi-styles "^6.2.1"
    string-width "^7.0.0"
    strip-ansi "^7.1.0"

ws@^8.15.0:
  version "8.18.0"
  resolved "https://registry.npmjs.org/ws/-/ws-8.18.0.tgz"
  integrity sha512-8VbfWfHLbbwu3+N6OKsOMpBdT4kXPDDB9cJk2bJ6mh9ucxdlnNvH1e+roYkKmN9Nxw2yjz7VzeO9oOz2zJ04Pw==

yoga-wasm-web@~0.3.3:
  version "0.3.3"
  resolved "https://registry.npmjs.org/yoga-wasm-web/-/yoga-wasm-web-0.3.3.tgz"
  integrity sha512-N+d4UJSJbt/R3wqY7Coqs5pcV0aUj2j9IaQ3rNj9bVCLld8tTGKRa2USARjnvZJWVx1NDmQev8EknoczaOQDOA==
